
Microsoft Visual Studio Solution File, Format Version 12.00
# Visual Studio 15
VisualStudioVersion = 15.0.28010.2003
MinimumVisualStudioVersion = 10.0.40219.1
Project("{FAE04EC0-301F-11D3-BF4B-00C04F79EFBC}") = "TheFamilyDictionary", "TheFamilyDictionary\TheFamilyDictionary.csproj", "{BFBD786B-5BA4-426C-ABFF-BE3C3FA903E8}"
EndProject
Global
	GlobalSection(SolutionConfigurationPlatforms) = preSolution
		Debug|Any CPU = Debug|Any CPU
		Release|Any CPU = Release|Any CPU
	EndGlobalSection
	GlobalSection(ProjectConfigurationPlatforms) = postSolution
		{BFBD786B-5BA4-426C-ABFF-BE3C3FA903E8}.Debug|Any CPU.ActiveCfg = Debug|Any CPU
		{BFBD786B-5BA4-426C-ABFF-BE3C3FA903E8}.Debug|Any CPU.Build.0 = Debug|Any CPU
		{BFBD786B-5BA4-426C-ABFF-BE3C3FA903E8}.Release|Any CPU.ActiveCfg = Release|Any CPU
		{BFBD786B-5BA4-426C-ABFF-BE3C3FA903E8}.Release|Any CPU.Build.0 = Release|Any CPU
	EndGlobalSection
	GlobalSection(SolutionProperties) = preSolution
		HideSolutionNode = FALSE
	EndGlobalSection
	GlobalSection(ExtensibilityGlobals) = postSolution
		SolutionGuid = {20DDBD6E-61B2-406F-B45D-4CA41484DCAD}
	EndGlobalSection
EndGlobal
